# THIS IS AN AUTOGENERATED FILE. DO NOT EDIT THIS FILE DIRECTLY.
# yarn lockfile v1


"@types/node@*", "@types/node@^24.0.14":
  version "24.0.14"
  resolved "https://registry.yarnpkg.com/@types/node/-/node-24.0.14.tgz#6e3d4fb6d858c48c69707394e1a0e08ce1ecc1bc"
  integrity sha512-4zXMWD91vBLGRtHK3YbIoFMia+1nqEz72coM42C5ETjnNCa/heoj7NT1G67iAfOqMmcfhuCZ4uNpyz8EjlAejw==
  dependencies:
    undici-types "~7.8.0"

"@types/ws@^8.18.1":
  version "8.18.1"
  resolved "https://registry.yarnpkg.com/@types/ws/-/ws-8.18.1.tgz#48464e4bf2ddfd17db13d845467f6070ffea4aa9"
  integrity sha512-ThVF6DCVhA8kUGy+aazFQ4kXQ7E1Ty7A3ypFOe0IcJV8O/M511G99AW24irKrW56Wt44yG9+ij8FaqoBGkuBXg==
  dependencies:
    "@types/node" "*"

typescript@^5.8.3:
  version "5.8.3"
  resolved "https://registry.yarnpkg.com/typescript/-/typescript-5.8.3.tgz#92f8a3e5e3cf497356f4178c34cd65a7f5e8440e"
  integrity sha512-p1diW6TqL9L07nNxvRMM7hMMw4c5XOo/1ibL4aAIGmSAt9slTE1Xgw5KWuof2uTOvCg9BY7ZRi+GaF+7sfgPeQ==

undici-types@~7.8.0:
  version "7.8.0"
  resolved "https://registry.yarnpkg.com/undici-types/-/undici-types-7.8.0.tgz#de00b85b710c54122e44fbfd911f8d70174cd294"
  integrity sha512-9UJ2xGDvQ43tYyVMpuHlsgApydB8ZKfVYTsLDhXkFL/6gfkp+U8xTGdh8pMJv1SpZna0zxG1DwsKZsreLbXBxw==

ws@^8.18.3:
  version "8.18.3"
  resolved "https://registry.yarnpkg.com/ws/-/ws-8.18.3.tgz#b56b88abffde62791c639170400c93dcb0c95472"
  integrity sha512-PEIGCY5tSlUt50cqyMXfCzX+oOPqN0vuGqWzbcJ2xvnkzkq46oOpz7dQaTDBdfICb4N14+GARUDw2XV2N4tvzg==
